// !$*UTF8*$!
{
	archiveVersion = 1;
	classes = {
	};
	objectVersion = 50;
	objects = {

/* Begin PBXBuildFile section */
		353ADB5D26602CE70035C7DC /* AppDelegate.swift in Sources */ = {isa = PBXBuildFile; fileRef = 353ADB5C26602CE70035C7DC /* AppDelegate.swift */; };
		353ADB5F26602CE70035C7DC /* SceneDelegate.swift in Sources */ = {isa = PBXBuildFile; fileRef = 353ADB5E26602CE70035C7DC /* SceneDelegate.swift */; };
		353ADB6126602CE70035C7DC /* ViewController.swift in Sources */ = {isa = PBXBuildFile; fileRef = 353ADB6026602CE70035C7DC /* ViewController.swift */; };
		353ADB6426602CE70035C7DC /* Main.storyboard in Resources */ = {isa = PBXBuildFile; fileRef = 353ADB6226602CE70035C7DC /* Main.storyboard */; };
		353ADB6626602CEE0035C7DC /* Assets.xcassets in Resources */ = {isa = PBXBuildFile; fileRef = 353ADB6526602CEE0035C7DC /* Assets.xcassets */; };
		353ADB6926602CEE0035C7DC /* LaunchScreen.storyboard in Resources */ = {isa = PBXBuildFile; fileRef = 353ADB6726602CEE0035C7DC /* LaunchScreen.storyboard */; };
		353ADB7126602D430035C7DC /* Profile.swift in Sources */ = {isa = PBXBuildFile; fileRef = 353ADB7026602D430035C7DC /* Profile.swift */; };
		353ADB732666A3490035C7DC /* ViewModel.swift in Sources */ = {isa = PBXBuildFile; fileRef = 353ADB722666A3490035C7DC /* ViewModel.swift */; };
		353ADB772666A8AE0035C7DC /* TableViewController.swift in Sources */ = {isa = PBXBuildFile; fileRef = 353ADB762666A8AE0035C7DC /* TableViewController.swift */; };
		353ADB792666A9060035C7DC /* Profile2.swift in Sources */ = {isa = PBXBuildFile; fileRef = 353ADB782666A9060035C7DC /* Profile2.swift */; };
		353ADB7B2666AC0B0035C7DC /* TableViewCell.swift in Sources */ = {isa = PBXBuildFile; fileRef = 353ADB7A2666AC0B0035C7DC /* TableViewCell.swift */; };
		353ADB802666B0220035C7DC /* ViewModel2.swift in Sources */ = {isa = PBXBuildFile; fileRef = 353ADB7F2666B0220035C7DC /* ViewModel2.swift */; };
		353ADB822666B1080035C7DC /* TableViewModelType.swift in Sources */ = {isa = PBXBuildFile; fileRef = 353ADB812666B1080035C7DC /* TableViewModelType.swift */; };
/* End PBXBuildFile section */

/* Begin PBXFileReference section */
		353ADB5926602CE70035C7DC /* MVVM.app */ = {isa = PBXFileReference; explicitFileType = wrapper.application; includeInIndex = 0; path = MVVM.app; sourceTree = BUILT_PRODUCTS_DIR; };
		353ADB5C26602CE70035C7DC /* AppDelegate.swift */ = {isa = PBXFileReference; lastKnownFileType = sourcecode.swift; path = AppDelegate.swift; sourceTree = "<group>"; };
		353ADB5E26602CE70035C7DC /* SceneDelegate.swift */ = {isa = PBXFileReference; lastKnownFileType = sourcecode.swift; path = SceneDelegate.swift; sourceTree = "<group>"; };
		353ADB6026602CE70035C7DC /* ViewController.swift */ = {isa = PBXFileReference; lastKnownFileType = sourcecode.swift; path = ViewController.swift; sourceTree = "<group>"; };
		353ADB6326602CE70035C7DC /* Base */ = {isa = PBXFileReference; lastKnownFileType = file.storyboard; name = Base; path = Base.lproj/Main.storyboard; sourceTree = "<group>"; };
		353ADB6526602CEE0035C7DC /* Assets.xcassets */ = {isa = PBXFileReference; lastKnownFileType = folder.assetcatalog; path = Assets.xcassets; sourceTree = "<group>"; };
		353ADB6826602CEE0035C7DC /* Base */ = {isa = PBXFileReference; lastKnownFileType = file.storyboard; name = Base; path = Base.lproj/LaunchScreen.storyboard; sourceTree = "<group>"; };
		353ADB6A26602CEE0035C7DC /* Info.plist */ = {isa = PBXFileReference; lastKnownFileType = text.plist.xml; path = Info.plist; sourceTree = "<group>"; };
		353ADB7026602D430035C7DC /* Profile.swift */ = {isa = PBXFileReference; lastKnownFileType = sourcecode.swift; path = Profile.swift; sourceTree = "<group>"; };
		353ADB722666A3490035C7DC /* ViewModel.swift */ = {isa = PBXFileReference; lastKnownFileType = sourcecode.swift; path = ViewModel.swift; sourceTree = "<group>"; };
		353ADB762666A8AE0035C7DC /* TableViewController.swift */ = {isa = PBXFileReference; lastKnownFileType = sourcecode.swift; path = TableViewController.swift; sourceTree = "<group>"; };
		353ADB782666A9060035C7DC /* Profile2.swift */ = {isa = PBXFileReference; lastKnownFileType = sourcecode.swift; path = Profile2.swift; sourceTree = "<group>"; };
		353ADB7A2666AC0B0035C7DC /* TableViewCell.swift */ = {isa = PBXFileReference; lastKnownFileType = sourcecode.swift; path = TableViewCell.swift; sourceTree = "<group>"; };
		353ADB7F2666B0220035C7DC /* ViewModel2.swift */ = {isa = PBXFileReference; lastKnownFileType = sourcecode.swift; path = ViewModel2.swift; sourceTree = "<group>"; };
		353ADB812666B1080035C7DC /* TableViewModelType.swift */ = {isa = PBXFileReference; lastKnownFileType = sourcecode.swift; path = TableViewModelType.swift; sourceTree = "<group>"; };
/* End PBXFileReference section */

/* Begin PBXFrameworksBuildPhase section */
		353ADB5626602CE70035C7DC /* Frameworks */ = {
			isa = PBXFrameworksBuildPhase;
			buildActionMask = 2147483647;
			files = (
			);
			runOnlyForDeploymentPostprocessing = 0;
		};
/* End PBXFrameworksBuildPhase section */

/* Begin PBXGroup section */
		353ADB5026602CE70035C7DC = {
			isa = PBXGroup;
			children = (
				353ADB5B26602CE70035C7DC /* MVVM */,
				353ADB5A26602CE70035C7DC /* Products */,
			);
			sourceTree = "<group>";
		};
		353ADB5A26602CE70035C7DC /* Products */ = {
			isa = PBXGroup;
			children = (
				353ADB5926602CE70035C7DC /* MVVM.app */,
			);
			name = Products;
			sourceTree = "<group>";
		};
		353ADB5B26602CE70035C7DC /* MVVM */ = {
			isa = PBXGroup;
			children = (
				353ADB5C26602CE70035C7DC /* AppDelegate.swift */,
				353ADB5E26602CE70035C7DC /* SceneDelegate.swift */,
				353ADB742666A7A90035C7DC /* MVVM-1 */,
				353ADB752666A8800035C7DC /* MVVM-2 */,
				353ADB6226602CE70035C7DC /* Main.storyboard */,
				353ADB6526602CEE0035C7DC /* Assets.xcassets */,
				353ADB6726602CEE0035C7DC /* LaunchScreen.storyboard */,
				353ADB6A26602CEE0035C7DC /* Info.plist */,
			);
			path = MVVM;
			sourceTree = "<group>";
		};
		353ADB742666A7A90035C7DC /* MVVM-1 */ = {
			isa = PBXGroup;
			children = (
				353ADB6026602CE70035C7DC /* ViewController.swift */,
				353ADB7026602D430035C7DC /* Profile.swift */,
				353ADB722666A3490035C7DC /* ViewModel.swift */,
			);
			path = "MVVM-1";
			sourceTree = "<group>";
		};
		353ADB752666A8800035C7DC /* MVVM-2 */ = {
			isa = PBXGroup;
			children = (
				353ADB842666B21F0035C7DC /* Protocols */,
				353ADB7C2666AD310035C7DC /* Model */,
				353ADB7D2666AD400035C7DC /* View */,
				353ADB832666B20B0035C7DC /* ViewModel */,
			);
			path = "MVVM-2";
			sourceTree = "<group>";
		};
		353ADB7C2666AD310035C7DC /* Model */ = {
			isa = PBXGroup;
			children = (
				353ADB782666A9060035C7DC /* Profile2.swift */,
			);
			path = Model;
			sourceTree = "<group>";
		};
		353ADB7D2666AD400035C7DC /* View */ = {
			isa = PBXGroup;
			children = (
				353ADB762666A8AE0035C7DC /* TableViewController.swift */,
				353ADB7A2666AC0B0035C7DC /* TableViewCell.swift */,
			);
			path = View;
			sourceTree = "<group>";
		};
		353ADB832666B20B0035C7DC /* ViewModel */ = {
			isa = PBXGroup;
			children = (
				353ADB7F2666B0220035C7DC /* ViewModel2.swift */,
			);
			path = ViewModel;
			sourceTree = "<group>";
		};
		353ADB842666B21F0035C7DC /* Protocols */ = {
			isa = PBXGroup;
			children = (
				353ADB812666B1080035C7DC /* TableViewModelType.swift */,
			);
			path = Protocols;
			sourceTree = "<group>";
		};
/* End PBXGroup section */

/* Begin PBXNativeTarget section */
		353ADB5826602CE70035C7DC /* MVVM */ = {
			isa = PBXNativeTarget;
			buildConfigurationList = 353ADB6D26602CEE0035C7DC /* Build configuration list for PBXNativeTarget "MVVM" */;
			buildPhases = (
				353ADB5526602CE70035C7DC /* Sources */,
				353ADB5626602CE70035C7DC /* Frameworks */,
				353ADB5726602CE70035C7DC /* Resources */,
			);
			buildRules = (
			);
			dependencies = (
			);
			name = MVVM;
			productName = MVVM;
			productReference = 353ADB5926602CE70035C7DC /* MVVM.app */;
			productType = "com.apple.product-type.application";
		};
/* End PBXNativeTarget section */

/* Begin PBXProject section */
		353ADB5126602CE70035C7DC /* Project object */ = {
			isa = PBXProject;
			attributes = {
				LastSwiftUpdateCheck = 1250;
				LastUpgradeCheck = 1250;
				TargetAttributes = {
					353ADB5826602CE70035C7DC = {
						CreatedOnToolsVersion = 12.5;
					};
				};
			};
			buildConfigurationList = 353ADB5426602CE70035C7DC /* Build configuration list for PBXProject "MVVM" */;
			compatibilityVersion = "Xcode 9.3";
			developmentRegion = en;
			hasScannedForEncodings = 0;
			knownRegions = (
				en,
				Base,
			);
			mainGroup = 353ADB5026602CE70035C7DC;
			productRefGroup = 353ADB5A26602CE70035C7DC /* Products */;
			projectDirPath = "";
			projectRoot = "";
			targets = (
				353ADB5826602CE70035C7DC /* MVVM */,
			);
		};
/* End PBXProject section */

/* Begin PBXResourcesBuildPhase section */
		353ADB5726602CE70035C7DC /* Resources */ = {
			isa = PBXResourcesBuildPhase;
			buildActionMask = 2147483647;
			files = (
				353ADB6926602CEE0035C7DC /* LaunchScreen.storyboard in Resources */,
				353ADB6626602CEE0035C7DC /* Assets.xcassets in Resources */,
				353ADB6426602CE70035C7DC /* Main.storyboard in Resources */,
			);
			runOnlyForDeploymentPostprocessing = 0;
		};
/* End PBXResourcesBuildPhase section */

/* Begin PBXSourcesBuildPhase section */
		353ADB5526602CE70035C7DC /* Sources */ = {
			isa = PBXSourcesBuildPhase;
			buildActionMask = 2147483647;
			files = (
				353ADB732666A3490035C7DC /* ViewModel.swift in Sources */,
				353ADB822666B1080035C7DC /* TableViewModelType.swift in Sources */,
				353ADB802666B0220035C7DC /* ViewModel2.swift in Sources */,
				353ADB7B2666AC0B0035C7DC /* TableViewCell.swift in Sources */,
				353ADB772666A8AE0035C7DC /* TableViewController.swift in Sources */,
				353ADB792666A9060035C7DC /* Profile2.swift in Sources */,
				353ADB6126602CE70035C7DC /* ViewController.swift in Sources */,
				353ADB7126602D430035C7DC /* Profile.swift in Sources */,
				353ADB5D26602CE70035C7DC /* AppDelegate.swift in Sources */,
				353ADB5F26602CE70035C7DC /* SceneDelegate.swift in Sources */,
			);
			runOnlyForDeploymentPostprocessing = 0;
		};
/* End PBXSourcesBuildPhase section */

/* Begin PBXVariantGroup section */
		353ADB6226602CE70035C7DC /* Main.storyboard */ = {
			isa = PBXVariantGroup;
			children = (
				353ADB6326602CE70035C7DC /* Base */,
			);
			name = Main.storyboard;
			sourceTree = "<group>";
		};
		353ADB6726602CEE0035C7DC /* LaunchScreen.storyboard */ = {
			isa = PBXVariantGroup;
			children = (
				353ADB6826602CEE0035C7DC /* Base */,
			);
			name = LaunchScreen.storyboard;
			sourceTree = "<group>";
		};
/* End PBXVariantGroup section */

/* Begin XCBuildConfiguration section */
		353ADB6B26602CEE0035C7DC /* Debug */ = {
			isa = XCBuildConfiguration;
			buildSettings = {
				ALWAYS_SEARCH_USER_PATHS = NO;
				CLANG_ANALYZER_NONNULL = YES;
				CLANG_ANALYZER_NUMBER_OBJECT_CONVERSION = YES_AGGRESSIVE;
				CLANG_CXX_LANGUAGE_STANDARD = "gnu++14";
				CLANG_CXX_LIBRARY = "libc++";
				CLANG_ENABLE_MODULES = YES;
				CLANG_ENABLE_OBJC_ARC = YES;
				CLANG_ENABLE_OBJC_WEAK = YES;
				CLANG_WARN_BLOCK_CAPTURE_AUTORELEASING = YES;
				CLANG_WARN_BOOL_CONVERSION = YES;
				CLANG_WARN_COMMA = YES;
				CLANG_WARN_CONSTANT_CONVERSION = YES;
				CLANG_WARN_DEPRECATED_OBJC_IMPLEMENTATIONS = YES;
				CLANG_WARN_DIRECT_OBJC_ISA_USAGE = YES_ERROR;
				CLANG_WARN_DOCUMENTATION_COMMENTS = YES;
				CLANG_WARN_EMPTY_BODY = YES;
				CLANG_WARN_ENUM_CONVERSION = YES;
				CLANG_WARN_INFINITE_RECURSION = YES;
				CLANG_WARN_INT_CONVERSION = YES;
				CLANG_WARN_NON_LITERAL_NULL_CONVERSION = YES;
				CLANG_WARN_OBJC_IMPLICIT_RETAIN_SELF = YES;
				CLANG_WARN_OBJC_LITERAL_CONVERSION = YES;
				CLANG_WARN_OBJC_ROOT_CLASS = YES_ERROR;
				CLANG_WARN_QUOTED_INCLUDE_IN_FRAMEWORK_HEADER = YES;
				CLANG_WARN_RANGE_LOOP_ANALYSIS = YES;
				CLANG_WARN_STRICT_PROTOTYPES = YES;
				CLANG_WARN_SUSPICIOUS_MOVE = YES;
				CLANG_WARN_UNGUARDED_AVAILABILITY = YES_AGGRESSIVE;
				CLANG_WARN_UNREACHABLE_CODE = YES;
				CLANG_WARN__DUPLICATE_METHOD_MATCH = YES;
				COPY_PHASE_STRIP = NO;
				DEBUG_INFORMATION_FORMAT = dwarf;
				ENABLE_STRICT_OBJC_MSGSEND = YES;
				ENABLE_TESTABILITY = YES;
				GCC_C_LANGUAGE_STANDARD = gnu11;
				GCC_DYNAMIC_NO_PIC = NO;
				GCC_NO_COMMON_BLOCKS = YES;
				GCC_OPTIMIZATION_LEVEL = 0;
				GCC_PREPROCESSOR_DEFINITIONS = (
					"DEBUG=1",
					"$(inherited)",
				);
				GCC_WARN_64_TO_32_BIT_CONVERSION = YES;
				GCC_WARN_ABOUT_RETURN_TYPE = YES_ERROR;
				GCC_WARN_UNDECLARED_SELECTOR = YES;
				GCC_WARN_UNINITIALIZED_AUTOS = YES_AGGRESSIVE;
				GCC_WARN_UNUSED_FUNCTION = YES;
				GCC_WARN_UNUSED_VARIABLE = YES;
				IPHONEOS_DEPLOYMENT_TARGET = 14.5;
				MTL_ENABLE_DEBUG_INFO = INCLUDE_SOURCE;
				MTL_FAST_MATH = YES;
				ONLY_ACTIVE_ARCH = YES;
				SDKROOT = iphoneos;
				SWIFT_ACTIVE_COMPILATION_CONDITIONS = DEBUG;
				SWIFT_OPTIMIZATION_LEVEL = "-Onone";
			};
			name = Debug;
		};
		353ADB6C26602CEE0035C7DC /* Release */ = {
			isa = XCBuildConfiguration;
			buildSettings = {
				ALWAYS_SEARCH_USER_PATHS = NO;
				CLANG_ANALYZER_NONNULL = YES;
				CLANG_ANALYZER_NUMBER_OBJECT_CONVERSION = YES_AGGRESSIVE;
				CLANG_CXX_LANGUAGE_STANDARD = "gnu++14";
				CLANG_CXX_LIBRARY = "libc++";
				CLANG_ENABLE_MODULES = YES;
				CLANG_ENABLE_OBJC_ARC = YES;
				CLANG_ENABLE_OBJC_WEAK = YES;
				CLANG_WARN_BLOCK_CAPTURE_AUTORELEASING = YES;
				CLANG_WARN_BOOL_CONVERSION = YES;
				CLANG_WARN_COMMA = YES;
				CLANG_WARN_CONSTANT_CONVERSION = YES;
				CLANG_WARN_DEPRECATED_OBJC_IMPLEMENTATIONS = YES;
				CLANG_WARN_DIRECT_OBJC_ISA_USAGE = YES_ERROR;
				CLANG_WARN_DOCUMENTATION_COMMENTS = YES;
				CLANG_WARN_EMPTY_BODY = YES;
				CLANG_WARN_ENUM_CONVERSION = YES;
				CLANG_WARN_INFINITE_RECURSION = YES;
				CLANG_WARN_INT_CONVERSION = YES;
				CLANG_WARN_NON_LITERAL_NULL_CONVERSION = YES;
				CLANG_WARN_OBJC_IMPLICIT_RETAIN_SELF = YES;
				CLANG_WARN_OBJC_LITERAL_CONVERSION = YES;
				CLANG_WARN_OBJC_ROOT_CLASS = YES_ERROR;
				CLANG_WARN_QUOTED_INCLUDE_IN_FRAMEWORK_HEADER = YES;
				CLANG_WARN_RANGE_LOOP_ANALYSIS = YES;
				CLANG_WARN_STRICT_PROTOTYPES = YES;
				CLANG_WARN_SUSPICIOUS_MOVE = YES;
				CLANG_WARN_UNGUARDED_AVAILABILITY = YES_AGGRESSIVE;
				CLANG_WARN_UNREACHABLE_CODE = YES;
				CLANG_WARN__DUPLICATE_METHOD_MATCH = YES;
				COPY_PHASE_STRIP = NO;
				DEBUG_INFORMATION_FORMAT = "dwarf-with-dsym";
				ENABLE_NS_ASSERTIONS = NO;
				ENABLE_STRICT_OBJC_MSGSEND = YES;
				GCC_C_LANGUAGE_STANDARD = gnu11;
				GCC_NO_COMMON_BLOCKS = YES;
				GCC_WARN_64_TO_32_BIT_CONVERSION = YES;
				GCC_WARN_ABOUT_RETURN_TYPE = YES_ERROR;
				GCC_WARN_UNDECLARED_SELECTOR = YES;
				GCC_WARN_UNINITIALIZED_AUTOS = YES_AGGRESSIVE;
				GCC_WARN_UNUSED_FUNCTION = YES;
				GCC_WARN_UNUSED_VARIABLE = YES;
				IPHONEOS_DEPLOYMENT_TARGET = 14.5;
				MTL_ENABLE_DEBUG_INFO = NO;
				MTL_FAST_MATH = YES;
				SDKROOT = iphoneos;
				SWIFT_COMPILATION_MODE = wholemodule;
				SWIFT_OPTIMIZATION_LEVEL = "-O";
				VALIDATE_PRODUCT = YES;
			};
			name = Release;
		};
		353ADB6E26602CEE0035C7DC /* Debug */ = {
			isa = XCBuildConfiguration;
			buildSettings = {
				ASSETCATALOG_COMPILER_APPICON_NAME = AppIcon;
				ASSETCATALOG_COMPILER_GLOBAL_ACCENT_COLOR_NAME = AccentColor;
				CODE_SIGN_STYLE = Automatic;
				DEVELOPMENT_TEAM = Q37PJY8G6K;
				INFOPLIST_FILE = MVVM/Info.plist;
				LD_RUNPATH_SEARCH_PATHS = (
					"$(inherited)",
					"@executable_path/Frameworks",
				);
				PRODUCT_BUNDLE_IDENTIFIER = zhadaev.MVVM;
				PRODUCT_NAME = "$(TARGET_NAME)";
				SWIFT_VERSION = 5.0;
				TARGETED_DEVICE_FAMILY = "1,2";
			};
			name = Debug;
		};
		353ADB6F26602CEE0035C7DC /* Release */ = {
			isa = XCBuildConfiguration;
			buildSettings = {
				ASSETCATALOG_COMPILER_APPICON_NAME = AppIcon;
				ASSETCATALOG_COMPILER_GLOBAL_ACCENT_COLOR_NAME = AccentColor;
				CODE_SIGN_STYLE = Automatic;
				DEVELOPMENT_TEAM = Q37PJY8G6K;
				INFOPLIST_FILE = MVVM/Info.plist;
				LD_RUNPATH_SEARCH_PATHS = (
					"$(inherited)",
					"@executable_path/Frameworks",
				);
				PRODUCT_BUNDLE_IDENTIFIER = zhadaev.MVVM;
				PRODUCT_NAME = "$(TARGET_NAME)";
				SWIFT_VERSION = 5.0;
				TARGETED_DEVICE_FAMILY = "1,2";
			};
			name = Release;
		};
/* End XCBuildConfiguration section */

/* Begin XCConfigurationList section */
		353ADB5426602CE70035C7DC /* Build configuration list for PBXProject "MVVM" */ = {
			isa = XCConfigurationList;
			buildConfigurations = (
				353ADB6B26602CEE0035C7DC /* Debug */,
				353ADB6C26602CEE0035C7DC /* Release */,
			);
			defaultConfigurationIsVisible = 0;
			defaultConfigurationName = Release;
		};
		353ADB6D26602CEE0035C7DC /* Build configuration list for PBXNativeTarget "MVVM" */ = {
			isa = XCConfigurationList;
			buildConfigurations = (
				353ADB6E26602CEE0035C7DC /* Debug */,
				353ADB6F26602CEE0035C7DC /* Release */,
			);
			defaultConfigurationIsVisible = 0;
			defaultConfigurationName = Release;
		};
/* End XCConfigurationList section */
	};
	rootObject = 353ADB5126602CE70035C7DC /* Project object */;
}
